<?xml version="1.0" encoding="UTF-8"?>
<!DOCTYPE plist PUBLIC "-//Apple//DTD PLIST 1.0//EN" "http://www.apple.com/DTDs/PropertyList-1.0.dtd">
<plist version="1.0">
<dict>
	<key>BuildNumber</key>
	<string>450000090</string>
	<key>BundleIdentifier</key>
	<string>com.barebones.bbedit</string>
	<key>HostIdentifier</key>
	<string>8825755C-D58C-5519-B4A1-C01794D12290</string>
	<key>HostName</key>
	<string>Roderick’s MacBook Pro (2)</string>
	<key>LockDate</key>
	<date>2026-09-09T09:19:58Z</date>
	<key>LockID</key>
	<string>3628900C-7E7B-4B84-8C54-ABA462E60DB6</string>
	<key>MarketingVersion</key>
	<string>16.0.3</string>
	<key>NetworkVolume</key>
	<false/>
	<key>ProcessIdentifier</key>
	<integer>79908</integer>
	<key>UserName</key>
	<string>rpage</string>
	<key>Version</key>
	<integer>3</integer>
	<key>VolumeIdentifier</key>
	<string>321E56EA-AD86-41E7-897B-1E64ED065DD0</string>
</dict>
</plist>
